version = 1
revision = 2
requires-python = ">=3.12"

[[package]]
name = "demo"
version = "0.1.0"
source = { virtual = "." }
dependencies = [
    { name = "duckdb" },
    { name = "openpyxl" },
]

[package.dev-dependencies]
dev = [
    { name = "ruff" },
]

[package.metadata]
requires-dist = [
    { name = "duckdb", specifier = ">=1.3.1" },
    { name = "openpyxl", specifier = ">=3.1.5" },
]

[package.metadata.requires-dev]
dev = [{ name = "ruff", specifier = ">=0.12.0" }]

[[package]]
name = "duckdb"
version = "1.3.1"
source = { registry = "https://pypi.org/simple" }
sdist = { url = "https://files.pythonhosted.org/packages/35/ab/d89a4dd14311d5a0081711bc66db3fad73f7645fa7eb3844c423d2fa0a17/duckdb-1.3.1.tar.gz", hash = "sha256:8e101990a879533b1d33f003df2eb2a3c4bc7bdf976bd7ef7c32342047935327", size = 11628075, upload-time = "2025-06-16T13:57:04.119Z" }
wheels = [
    { url = "https://files.pythonhosted.org/packages/2b/cf/c9a76a15195ec1566b04a23c182ce16b60d1f06c7cdfec1aa538c8e8e0ae/duckdb-1.3.1-cp312-cp312-macosx_12_0_arm64.whl", hash = "sha256:73f389f9c713325a6994dd9e04a7fa23bd73e8387883f8086946a9d3a1dd70e1", size = 15529437, upload-time = "2025-06-16T13:56:16.932Z" },
    { url = "https://files.pythonhosted.org/packages/d7/15/6cb79d988bedb19be6cfb654cd98b339cf4d06b7fc337f52c4051416b690/duckdb-1.3.1-cp312-cp312-macosx_12_0_universal2.whl", hash = "sha256:87c99569274b453d8f9963e43fea74bc86901773fac945c1fe612c133a91e506", size = 32525563, upload-time = "2025-06-16T13:56:19.235Z" },
    { url = "https://files.pythonhosted.org/packages/14/7a/0acc37ec937a69a2fc325ab680cf68e7f1ed5d83b056dfade617502e40c2/duckdb-1.3.1-cp312-cp312-macosx_12_0_x86_64.whl", hash = "sha256:21da268355dfdf859b3d4db22180f7d5dd85a60517e077cb4158768cd5f0ee44", size = 17106064, upload-time = "2025-06-16T13:56:21.534Z" },
    { url = "https://files.pythonhosted.org/packages/b5/a0/aef95020f5ada03e44eea0b23951b96cec45a85a0c42210639d5d5688603/duckdb-1.3.1-cp312-cp312-manylinux_2_27_aarch64.manylinux_2_28_aarch64.whl", hash = "sha256:77902954d15ba4aff92e82df700643b995c057f2d7d39af7ed226d8cceb9c2af", size = 19172380, upload-time = "2025-06-16T13:56:23.875Z" },
    { url = "https://files.pythonhosted.org/packages/9c/2a/3eae3acda60e178785835d6df85f3bf9ddab4362e9fd45d0fe4879973561/duckdb-1.3.1-cp312-cp312-manylinux_2_27_x86_64.manylinux_2_28_x86_64.whl", hash = "sha256:67b1a3c9e2c3474991da97edfec0a89f382fef698d7f64b2d8d09006eaeeea24", size = 21123030, upload-time = "2025-06-16T13:56:26.366Z" },
    { url = "https://files.pythonhosted.org/packages/f4/79/885c0ad2434fa7b353532580435d59bb007efb629740ba4eb273fc4c882c/duckdb-1.3.1-cp312-cp312-musllinux_1_2_x86_64.whl", hash = "sha256:f1d076b12f0d2a7f9090ad9e4057ac41af3e4785969e5997afd44922c7b141e0", size = 22774472, upload-time = "2025-06-16T13:56:29.884Z" },
    { url = "https://files.pythonhosted.org/packages/24/02/d294613e4fccfc86f4718b2cede365a9a6313c938bf0547c78ec196a0b9c/duckdb-1.3.1-cp312-cp312-win_amd64.whl", hash = "sha256:bf7d6884bfb67aef67aebb0bd2460ea1137c55b3fd8794a3530c653dbe0d4019", size = 11302743, upload-time = "2025-06-16T13:56:31.868Z" },
    { url = "https://files.pythonhosted.org/packages/d0/2e/5e1bf9f0b43bcb37dbe729d3a2c55da8b232137c15b0b63d2d51f96793b6/duckdb-1.3.1-cp313-cp313-macosx_12_0_arm64.whl", hash = "sha256:72bbc8479c5d88e839a92c458c94c622f917ff0122853323728d6e25b0c3d4e1", size = 15529541, upload-time = "2025-06-16T13:56:34.011Z" },
    { url = "https://files.pythonhosted.org/packages/bc/ab/6b2e1efb133b2f4990710bd9a54e734a12a147eaead1102e36dd8d126494/duckdb-1.3.1-cp313-cp313-macosx_12_0_universal2.whl", hash = "sha256:937de83df6bbe4bee5830ce80f568d4c0ebf3ef5eb809db3343d2161e4f6e42b", size = 32525596, upload-time = "2025-06-16T13:56:36.048Z" },
    { url = "https://files.pythonhosted.org/packages/68/9f/879f6f33a1d5b4afee9dd4082e97d9b43c21cf734c90164d10fd7303edb5/duckdb-1.3.1-cp313-cp313-macosx_12_0_x86_64.whl", hash = "sha256:21440dd37f073944badd495c299c6d085cd133633450467ec420c71897ac1d5b", size = 17106339, upload-time = "2025-06-16T13:56:38.358Z" },
    { url = "https://files.pythonhosted.org/packages/9a/06/5755f93be743ec27986f275847a85d44bb1bd6d8631492d337729fbe9145/duckdb-1.3.1-cp313-cp313-manylinux_2_27_aarch64.manylinux_2_28_aarch64.whl", hash = "sha256:663610b591ea6964f140441c81b718e745704cf098c540e905b200b9079e2a5c", size = 19173540, upload-time = "2025-06-16T13:56:40.304Z" },
    { url = "https://files.pythonhosted.org/packages/90/a6/c8577b741974f106e24f8eb3efedc399be1a23cbbdcf49dd4bea5bb8aa4e/duckdb-1.3.1-cp313-cp313-manylinux_2_27_x86_64.manylinux_2_28_x86_64.whl", hash = "sha256:8793b5abb365bbbf64ba3065f3a37951fe04f2d4506b0e24f3f8ecd08b3af4ba", size = 21122193, upload-time = "2025-06-16T13:56:42.321Z" },
    { url = "https://files.pythonhosted.org/packages/43/10/b4576bbfa895a0ab125697fd58c0fbe54338672a9df25e7311bdf21f9e04/duckdb-1.3.1-cp313-cp313-musllinux_1_2_x86_64.whl", hash = "sha256:27d775a5af405d1c228561830c8ccbe4e2832dafb4012f16c05fde1cde206dee", size = 22773434, upload-time = "2025-06-16T13:56:46.414Z" },
    { url = "https://files.pythonhosted.org/packages/94/b9/f5ae51f7331f79c184fd96456c0896de875149fdeb092084fd20433ec97c/duckdb-1.3.1-cp313-cp313-win_amd64.whl", hash = "sha256:3eb045a9bf92da890d890cde2f676b3bda61b9de3b7dc46cbaaf75875b41e4b0", size = 11302770, upload-time = "2025-06-16T13:56:48.325Z" },
]

[[package]]
name = "et-xmlfile"
version = "2.0.0"
source = { registry = "https://pypi.org/simple" }
sdist = { url = "https://files.pythonhosted.org/packages/d3/38/af70d7ab1ae9d4da450eeec1fa3918940a5fafb9055e934af8d6eb0c2313/et_xmlfile-2.0.0.tar.gz", hash = "sha256:dab3f4764309081ce75662649be815c4c9081e88f0837825f90fd28317d4da54", size = 17234, upload-time = "2024-10-25T17:25:40.039Z" }
wheels = [
    { url = "https://files.pythonhosted.org/packages/c1/8b/5fe2cc11fee489817272089c4203e679c63b570a5aaeb18d852ae3cbba6a/et_xmlfile-2.0.0-py3-none-any.whl", hash = "sha256:7a91720bc756843502c3b7504c77b8fe44217c85c537d85037f0f536151b2caa", size = 18059, upload-time = "2024-10-25T17:25:39.051Z" },
]

[[package]]
name = "openpyxl"
version = "3.1.5"
source = { registry = "https://pypi.org/simple" }
dependencies = [
    { name = "et-xmlfile" },
]
sdist = { url = "https://files.pythonhosted.org/packages/3d/f9/88d94a75de065ea32619465d2f77b29a0469500e99012523b91cc4141cd1/openpyxl-3.1.5.tar.gz", hash = "sha256:cf0e3cf56142039133628b5acffe8ef0c12bc902d2aadd3e0fe5878dc08d1050", size = 186464, upload-time = "2024-06-28T14:03:44.161Z" }
wheels = [
    { url = "https://files.pythonhosted.org/packages/c0/da/977ded879c29cbd04de313843e76868e6e13408a94ed6b987245dc7c8506/openpyxl-3.1.5-py2.py3-none-any.whl", hash = "sha256:5282c12b107bffeef825f4617dc029afaf41d0ea60823bbb665ef3079dc79de2", size = 250910, upload-time = "2024-06-28T14:03:41.161Z" },
]

[[package]]
name = "ruff"
version = "0.12.0"
source = { registry = "https://pypi.org/simple" }
sdist = { url = "https://files.pythonhosted.org/packages/24/90/5255432602c0b196a0da6720f6f76b93eb50baef46d3c9b0025e2f9acbf3/ruff-0.12.0.tar.gz", hash = "sha256:4d047db3662418d4a848a3fdbfaf17488b34b62f527ed6f10cb8afd78135bc5c", size = 4376101, upload-time = "2025-06-17T15:19:26.217Z" }
wheels = [
    { url = "https://files.pythonhosted.org/packages/e6/fd/b46bb20e14b11ff49dbc74c61de352e0dc07fb650189513631f6fb5fc69f/ruff-0.12.0-py3-none-linux_armv6l.whl", hash = "sha256:5652a9ecdb308a1754d96a68827755f28d5dfb416b06f60fd9e13f26191a8848", size = 10311554, upload-time = "2025-06-17T15:18:45.792Z" },
    { url = "https://files.pythonhosted.org/packages/e7/d3/021dde5a988fa3e25d2468d1dadeea0ae89dc4bc67d0140c6e68818a12a1/ruff-0.12.0-py3-none-macosx_10_12_x86_64.whl", hash = "sha256:05ed0c914fabc602fc1f3b42c53aa219e5736cb030cdd85640c32dbc73da74a6", size = 11118435, upload-time = "2025-06-17T15:18:49.064Z" },
    { url = "https://files.pythonhosted.org/packages/07/a2/01a5acf495265c667686ec418f19fd5c32bcc326d4c79ac28824aecd6a32/ruff-0.12.0-py3-none-macosx_11_0_arm64.whl", hash = "sha256:07a7aa9b69ac3fcfda3c507916d5d1bca10821fe3797d46bad10f2c6de1edda0", size = 10466010, upload-time = "2025-06-17T15:18:51.341Z" },
    { url = "https://files.pythonhosted.org/packages/4c/57/7caf31dd947d72e7aa06c60ecb19c135cad871a0a8a251723088132ce801/ruff-0.12.0-py3-none-manylinux_2_17_aarch64.manylinux2014_aarch64.whl", hash = "sha256:e7731c3eec50af71597243bace7ec6104616ca56dda2b99c89935fe926bdcd48", size = 10661366, upload-time = "2025-06-17T15:18:53.29Z" },
    { url = "https://files.pythonhosted.org/packages/e9/ba/aa393b972a782b4bc9ea121e0e358a18981980856190d7d2b6187f63e03a/ruff-0.12.0-py3-none-manylinux_2_17_armv7l.manylinux2014_armv7l.whl", hash = "sha256:952d0630eae628250ab1c70a7fffb641b03e6b4a2d3f3ec6c1d19b4ab6c6c807", size = 10173492, upload-time = "2025-06-17T15:18:55.262Z" },
    { url = "https://files.pythonhosted.org/packages/d7/50/9349ee777614bc3062fc6b038503a59b2034d09dd259daf8192f56c06720/ruff-0.12.0-py3-none-manylinux_2_17_i686.manylinux2014_i686.whl", hash = "sha256:c021f04ea06966b02614d442e94071781c424ab8e02ec7af2f037b4c1e01cc82", size = 11761739, upload-time = "2025-06-17T15:18:58.906Z" },
    { url = "https://files.pythonhosted.org/packages/04/8f/ad459de67c70ec112e2ba7206841c8f4eb340a03ee6a5cabc159fe558b8e/ruff-0.12.0-py3-none-manylinux_2_17_ppc64.manylinux2014_ppc64.whl", hash = "sha256:7d235618283718ee2fe14db07f954f9b2423700919dc688eacf3f8797a11315c", size = 12537098, upload-time = "2025-06-17T15:19:01.316Z" },
    { url = "https://files.pythonhosted.org/packages/ed/50/15ad9c80ebd3c4819f5bd8883e57329f538704ed57bac680d95cb6627527/ruff-0.12.0-py3-none-manylinux_2_17_ppc64le.manylinux2014_ppc64le.whl", hash = "sha256:0c0758038f81beec8cc52ca22de9685b8ae7f7cc18c013ec2050012862cc9165", size = 12154122, upload-time = "2025-06-17T15:19:03.727Z" },
    { url = "https://files.pythonhosted.org/packages/76/e6/79b91e41bc8cc3e78ee95c87093c6cacfa275c786e53c9b11b9358026b3d/ruff-0.12.0-py3-none-manylinux_2_17_s390x.manylinux2014_s390x.whl", hash = "sha256:139b3d28027987b78fc8d6cfb61165447bdf3740e650b7c480744873688808c2", size = 11363374, upload-time = "2025-06-17T15:19:05.875Z" },
    { url = "https://files.pythonhosted.org/packages/db/c3/82b292ff8a561850934549aa9dc39e2c4e783ab3c21debe55a495ddf7827/ruff-0.12.0-py3-none-manylinux_2_17_x86_64.manylinux2014_x86_64.whl", hash = "sha256:68853e8517b17bba004152aebd9dd77d5213e503a5f2789395b25f26acac0da4", size = 11587647, upload-time = "2025-06-17T15:19:08.246Z" },
    { url = "https://files.pythonhosted.org/packages/2b/42/d5760d742669f285909de1bbf50289baccb647b53e99b8a3b4f7ce1b2001/ruff-0.12.0-py3-none-musllinux_1_2_aarch64.whl", hash = "sha256:3a9512af224b9ac4757f7010843771da6b2b0935a9e5e76bb407caa901a1a514", size = 10527284, upload-time = "2025-06-17T15:19:10.37Z" },
    { url = "https://files.pythonhosted.org/packages/19/f6/fcee9935f25a8a8bba4adbae62495c39ef281256693962c2159e8b284c5f/ruff-0.12.0-py3-none-musllinux_1_2_armv7l.whl", hash = "sha256:b08df3d96db798e5beb488d4df03011874aff919a97dcc2dd8539bb2be5d6a88", size = 10158609, upload-time = "2025-06-17T15:19:12.286Z" },
    { url = "https://files.pythonhosted.org/packages/37/fb/057febf0eea07b9384787bfe197e8b3384aa05faa0d6bd844b94ceb29945/ruff-0.12.0-py3-none-musllinux_1_2_i686.whl", hash = "sha256:6a315992297a7435a66259073681bb0d8647a826b7a6de45c6934b2ca3a9ed51", size = 11141462, upload-time = "2025-06-17T15:19:15.195Z" },
    { url = "https://files.pythonhosted.org/packages/10/7c/1be8571011585914b9d23c95b15d07eec2d2303e94a03df58294bc9274d4/ruff-0.12.0-py3-none-musllinux_1_2_x86_64.whl", hash = "sha256:1e55e44e770e061f55a7dbc6e9aed47feea07731d809a3710feda2262d2d4d8a", size = 11641616, upload-time = "2025-06-17T15:19:17.6Z" },
    { url = "https://files.pythonhosted.org/packages/6a/ef/b960ab4818f90ff59e571d03c3f992828d4683561095e80f9ef31f3d58b7/ruff-0.12.0-py3-none-win32.whl", hash = "sha256:7162a4c816f8d1555eb195c46ae0bd819834d2a3f18f98cc63819a7b46f474fb", size = 10525289, upload-time = "2025-06-17T15:19:19.688Z" },
    { url = "https://files.pythonhosted.org/packages/34/93/8b16034d493ef958a500f17cda3496c63a537ce9d5a6479feec9558f1695/ruff-0.12.0-py3-none-win_amd64.whl", hash = "sha256:d00b7a157b8fb6d3827b49d3324da34a1e3f93492c1f97b08e222ad7e9b291e0", size = 11598311, upload-time = "2025-06-17T15:19:21.785Z" },
    { url = "https://files.pythonhosted.org/packages/d0/33/4d3e79e4a84533d6cd526bfb42c020a23256ae5e4265d858bd1287831f7d/ruff-0.12.0-py3-none-win_arm64.whl", hash = "sha256:8cd24580405ad8c1cc64d61725bca091d6b6da7eb3d36f72cc605467069d7e8b", size = 10724946, upload-time = "2025-06-17T15:19:23.952Z" },
]
